
Microsoft Visual Studio Solution File, Format Version 12.00
# Visual Studio Version 17
VisualStudioVersion = 17.0.31903.59
MinimumVisualStudioVersion = 10.0.40219.1
Project("{2150E333-8FDC-42A3-9474-1A3956D46DE8}") = "src", "src", "{827E0CD3-B72D-47B6-A68D-7590B98EB39B}"
EndProject
Project("{FAE04EC0-301F-11D3-BF4B-00C04F79EFBC}") = "SharpDnp3", "src\SharpDnp3\SharpDnp3.csproj", "{5B6D10BA-8C72-4686-9813-603240BEC2B8}"
EndProject
Project("{FAE04EC0-301F-11D3-BF4B-00C04F79EFBC}") = "SharpDnp3.Tools.Explorer", "src\SharpDnp3.Tools.Explorer\SharpDnp3.Tools.Explorer.csproj", "{3D28C5E3-B275-4013-B048-938643499E87}"
EndProject
Project("{FAE04EC0-301F-11D3-BF4B-00C04F79EFBC}") = "SharpDnp3.Tools.Master", "src\SharpDnp3.Tools.Master\SharpDnp3.Tools.Master.csproj", "{12BA7FE6-ED06-4B68-A567-DC91DAA2CA57}"
EndProject
Project("{FAE04EC0-301F-11D3-BF4B-00C04F79EFBC}") = "SharpDnp3.Tools.Outstation", "src\SharpDnp3.Tools.Outstation\SharpDnp3.Tools.Outstation.csproj", "{6F19B7D5-75EA-4802-8605-AA6697CE0402}"
EndProject
Project("{FAE04EC0-301F-11D3-BF4B-00C04F79EFBC}") = "SharpDnp3.Tools.Decode", "src\SharpDnp3.Tools.Decode\SharpDnp3.Tools.Decode.csproj", "{D885D425-ADF3-495C-BFF1-EA3C550BC3D7}"
EndProject
Project("{2150E333-8FDC-42A3-9474-1A3956D46DE8}") = "tests", "tests", "{0AB3BF05-4346-4AA6-1389-037BE0695223}"
EndProject
Project("{FAE04EC0-301F-11D3-BF4B-00C04F79EFBC}") = "SharpDnp3.Tests", "tests\SharpDnp3.Tests\SharpDnp3.Tests.csproj", "{348C2C44-72BC-4174-846D-9B96B17DD1F8}"
EndProject
Project("{FAE04EC0-301F-11D3-BF4B-00C04F79EFBC}") = "SharpDnp3.Conformance.Tests", "tests\SharpDnp3.Conformance.Tests\SharpDnp3.Conformance.Tests.csproj", "{6A5BF10B-556D-4459-B14B-644DBD60EFFF}"
EndProject
Project("{FAE04EC0-301F-11D3-BF4B-00C04F79EFBC}") = "SharpDnp3.Interop.Tests", "tests\SharpDnp3.Interop.Tests\SharpDnp3.Interop.Tests.csproj", "{E72B2D68-1FD9-471F-98F9-58F4995F42D7}"
EndProject
Project("{2150E333-8FDC-42A3-9474-1A3956D46DE8}") = "build", "build", "{DEE5DD87-39C1-BF34-B639-A387DCCF972B}"
EndProject
Project("{FAE04EC0-301F-11D3-BF4B-00C04F79EFBC}") = "SharpDnp3.Generator", "build\SharpDnp3.Generator\SharpDnp3.Generator.csproj", "{8F7E35B5-E58E-413A-9716-7D1B41767508}"
EndProject
Project("{2150E333-8FDC-42A3-9474-1A3956D46DE8}") = "Solution Items", "Solution Items", "{1A0F5D9E-6C42-4B3A-9E7C-2D8B4F016A31}"
	ProjectSection(SolutionItems) = preProject
		.gitignore = .gitignore
		Directory.Build.props = Directory.Build.props
		LICENSE = LICENSE
		README.md = README.md
		SKILL.md = SKILL.md
	EndProjectSection
EndProject
Project("{2150E333-8FDC-42A3-9474-1A3956D46DE8}") = "docs", "docs", "{2B1E6F4C-8D53-4C2B-AF18-3E9C5A027B42}"
	ProjectSection(SolutionItems) = preProject
		docs\api.md = docs\api.md
		docs\user-guide.md = docs\user-guide.md
	EndProjectSection
EndProject
Global
	GlobalSection(SolutionConfigurationPlatforms) = preSolution
		Debug|Any CPU = Debug|Any CPU
		Debug|x64 = Debug|x64
		Debug|x86 = Debug|x86
		Release|Any CPU = Release|Any CPU
		Release|x64 = Release|x64
		Release|x86 = Release|x86
	EndGlobalSection
	GlobalSection(ProjectConfigurationPlatforms) = postSolution
		{5B6D10BA-8C72-4686-9813-603240BEC2B8}.Debug|Any CPU.ActiveCfg = Debug|Any CPU
		{5B6D10BA-8C72-4686-9813-603240BEC2B8}.Debug|Any CPU.Build.0 = Debug|Any CPU
		{5B6D10BA-8C72-4686-9813-603240BEC2B8}.Debug|x64.ActiveCfg = Debug|Any CPU
		{5B6D10BA-8C72-4686-9813-603240BEC2B8}.Debug|x64.Build.0 = Debug|Any CPU
		{5B6D10BA-8C72-4686-9813-603240BEC2B8}.Debug|x86.ActiveCfg = Debug|Any CPU
		{5B6D10BA-8C72-4686-9813-603240BEC2B8}.Debug|x86.Build.0 = Debug|Any CPU
		{5B6D10BA-8C72-4686-9813-603240BEC2B8}.Release|Any CPU.ActiveCfg = Release|Any CPU
		{5B6D10BA-8C72-4686-9813-603240BEC2B8}.Release|Any CPU.Build.0 = Release|Any CPU
		{5B6D10BA-8C72-4686-9813-603240BEC2B8}.Release|x64.ActiveCfg = Release|Any CPU
		{5B6D10BA-8C72-4686-9813-603240BEC2B8}.Release|x64.Build.0 = Release|Any CPU
		{5B6D10BA-8C72-4686-9813-603240BEC2B8}.Release|x86.ActiveCfg = Release|Any CPU
		{5B6D10BA-8C72-4686-9813-603240BEC2B8}.Release|x86.Build.0 = Release|Any CPU
		{3D28C5E3-B275-4013-B048-938643499E87}.Debug|Any CPU.ActiveCfg = Debug|Any CPU
		{3D28C5E3-B275-4013-B048-938643499E87}.Debug|Any CPU.Build.0 = Debug|Any CPU
		{3D28C5E3-B275-4013-B048-938643499E87}.Debug|x64.ActiveCfg = Debug|Any CPU
		{3D28C5E3-B275-4013-B048-938643499E87}.Debug|x64.Build.0 = Debug|Any CPU
		{3D28C5E3-B275-4013-B048-938643499E87}.Debug|x86.ActiveCfg = Debug|Any CPU
		{3D28C5E3-B275-4013-B048-938643499E87}.Debug|x86.Build.0 = Debug|Any CPU
		{3D28C5E3-B275-4013-B048-938643499E87}.Release|Any CPU.ActiveCfg = Release|Any CPU
		{3D28C5E3-B275-4013-B048-938643499E87}.Release|Any CPU.Build.0 = Release|Any CPU
		{3D28C5E3-B275-4013-B048-938643499E87}.Release|x64.ActiveCfg = Release|Any CPU
		{3D28C5E3-B275-4013-B048-938643499E87}.Release|x64.Build.0 = Release|Any CPU
		{3D28C5E3-B275-4013-B048-938643499E87}.Release|x86.ActiveCfg = Release|Any CPU
		{3D28C5E3-B275-4013-B048-938643499E87}.Release|x86.Build.0 = Release|Any CPU
		{12BA7FE6-ED06-4B68-A567-DC91DAA2CA57}.Debug|Any CPU.ActiveCfg = Debug|Any CPU
		{12BA7FE6-ED06-4B68-A567-DC91DAA2CA57}.Debug|Any CPU.Build.0 = Debug|Any CPU
		{12BA7FE6-ED06-4B68-A567-DC91DAA2CA57}.Debug|x64.ActiveCfg = Debug|Any CPU
		{12BA7FE6-ED06-4B68-A567-DC91DAA2CA57}.Debug|x64.Build.0 = Debug|Any CPU
		{12BA7FE6-ED06-4B68-A567-DC91DAA2CA57}.Debug|x86.ActiveCfg = Debug|Any CPU
		{12BA7FE6-ED06-4B68-A567-DC91DAA2CA57}.Debug|x86.Build.0 = Debug|Any CPU
		{12BA7FE6-ED06-4B68-A567-DC91DAA2CA57}.Release|Any CPU.ActiveCfg = Release|Any CPU
		{12BA7FE6-ED06-4B68-A567-DC91DAA2CA57}.Release|Any CPU.Build.0 = Release|Any CPU
		{12BA7FE6-ED06-4B68-A567-DC91DAA2CA57}.Release|x64.ActiveCfg = Release|Any CPU
		{12BA7FE6-ED06-4B68-A567-DC91DAA2CA57}.Release|x64.Build.0 = Release|Any CPU
		{12BA7FE6-ED06-4B68-A567-DC91DAA2CA57}.Release|x86.ActiveCfg = Release|Any CPU
		{12BA7FE6-ED06-4B68-A567-DC91DAA2CA57}.Release|x86.Build.0 = Release|Any CPU
		{6F19B7D5-75EA-4802-8605-AA6697CE0402}.Debug|Any CPU.ActiveCfg = Debug|Any CPU
		{6F19B7D5-75EA-4802-8605-AA6697CE0402}.Debug|Any CPU.Build.0 = Debug|Any CPU
		{6F19B7D5-75EA-4802-8605-AA6697CE0402}.Debug|x64.ActiveCfg = Debug|Any CPU
		{6F19B7D5-75EA-4802-8605-AA6697CE0402}.Debug|x64.Build.0 = Debug|Any CPU
		{6F19B7D5-75EA-4802-8605-AA6697CE0402}.Debug|x86.ActiveCfg = Debug|Any CPU
		{6F19B7D5-75EA-4802-8605-AA6697CE0402}.Debug|x86.Build.0 = Debug|Any CPU
		{6F19B7D5-75EA-4802-8605-AA6697CE0402}.Release|Any CPU.ActiveCfg = Release|Any CPU
		{6F19B7D5-75EA-4802-8605-AA6697CE0402}.Release|Any CPU.Build.0 = Release|Any CPU
		{6F19B7D5-75EA-4802-8605-AA6697CE0402}.Release|x64.ActiveCfg = Release|Any CPU
		{6F19B7D5-75EA-4802-8605-AA6697CE0402}.Release|x64.Build.0 = Release|Any CPU
		{6F19B7D5-75EA-4802-8605-AA6697CE0402}.Release|x86.ActiveCfg = Release|Any CPU
		{6F19B7D5-75EA-4802-8605-AA6697CE0402}.Release|x86.Build.0 = Release|Any CPU
		{D885D425-ADF3-495C-BFF1-EA3C550BC3D7}.Debug|Any CPU.ActiveCfg = Debug|Any CPU
		{D885D425-ADF3-495C-BFF1-EA3C550BC3D7}.Debug|Any CPU.Build.0 = Debug|Any CPU
		{D885D425-ADF3-495C-BFF1-EA3C550BC3D7}.Debug|x64.ActiveCfg = Debug|Any CPU
		{D885D425-ADF3-495C-BFF1-EA3C550BC3D7}.Debug|x64.Build.0 = Debug|Any CPU
		{D885D425-ADF3-495C-BFF1-EA3C550BC3D7}.Debug|x86.ActiveCfg = Debug|Any CPU
		{D885D425-ADF3-495C-BFF1-EA3C550BC3D7}.Debug|x86.Build.0 = Debug|Any CPU
		{D885D425-ADF3-495C-BFF1-EA3C550BC3D7}.Release|Any CPU.ActiveCfg = Release|Any CPU
		{D885D425-ADF3-495C-BFF1-EA3C550BC3D7}.Release|Any CPU.Build.0 = Release|Any CPU
		{D885D425-ADF3-495C-BFF1-EA3C550BC3D7}.Release|x64.ActiveCfg = Release|Any CPU
		{D885D425-ADF3-495C-BFF1-EA3C550BC3D7}.Release|x64.Build.0 = Release|Any CPU
		{D885D425-ADF3-495C-BFF1-EA3C550BC3D7}.Release|x86.ActiveCfg = Release|Any CPU
		{D885D425-ADF3-495C-BFF1-EA3C550BC3D7}.Release|x86.Build.0 = Release|Any CPU
		{348C2C44-72BC-4174-846D-9B96B17DD1F8}.Debug|Any CPU.ActiveCfg = Debug|Any CPU
		{348C2C44-72BC-4174-846D-9B96B17DD1F8}.Debug|Any CPU.Build.0 = Debug|Any CPU
		{348C2C44-72BC-4174-846D-9B96B17DD1F8}.Debug|x64.ActiveCfg = Debug|Any CPU
		{348C2C44-72BC-4174-846D-9B96B17DD1F8}.Debug|x64.Build.0 = Debug|Any CPU
		{348C2C44-72BC-4174-846D-9B96B17DD1F8}.Debug|x86.ActiveCfg = Debug|Any CPU
		{348C2C44-72BC-4174-846D-9B96B17DD1F8}.Debug|x86.Build.0 = Debug|Any CPU
		{348C2C44-72BC-4174-846D-9B96B17DD1F8}.Release|Any CPU.ActiveCfg = Release|Any CPU
		{348C2C44-72BC-4174-846D-9B96B17DD1F8}.Release|Any CPU.Build.0 = Release|Any CPU
		{348C2C44-72BC-4174-846D-9B96B17DD1F8}.Release|x64.ActiveCfg = Release|Any CPU
		{348C2C44-72BC-4174-846D-9B96B17DD1F8}.Release|x64.Build.0 = Release|Any CPU
		{348C2C44-72BC-4174-846D-9B96B17DD1F8}.Release|x86.ActiveCfg = Release|Any CPU
		{348C2C44-72BC-4174-846D-9B96B17DD1F8}.Release|x86.Build.0 = Release|Any CPU
		{6A5BF10B-556D-4459-B14B-644DBD60EFFF}.Debug|Any CPU.ActiveCfg = Debug|Any CPU
		{6A5BF10B-556D-4459-B14B-644DBD60EFFF}.Debug|Any CPU.Build.0 = Debug|Any CPU
		{6A5BF10B-556D-4459-B14B-644DBD60EFFF}.Debug|x64.ActiveCfg = Debug|Any CPU
		{6A5BF10B-556D-4459-B14B-644DBD60EFFF}.Debug|x64.Build.0 = Debug|Any CPU
		{6A5BF10B-556D-4459-B14B-644DBD60EFFF}.Debug|x86.ActiveCfg = Debug|Any CPU
		{6A5BF10B-556D-4459-B14B-644DBD60EFFF}.Debug|x86.Build.0 = Debug|Any CPU
		{6A5BF10B-556D-4459-B14B-644DBD60EFFF}.Release|Any CPU.ActiveCfg = Release|Any CPU
		{6A5BF10B-556D-4459-B14B-644DBD60EFFF}.Release|Any CPU.Build.0 = Release|Any CPU
		{6A5BF10B-556D-4459-B14B-644DBD60EFFF}.Release|x64.ActiveCfg = Release|Any CPU
		{6A5BF10B-556D-4459-B14B-644DBD60EFFF}.Release|x64.Build.0 = Release|Any CPU
		{6A5BF10B-556D-4459-B14B-644DBD60EFFF}.Release|x86.ActiveCfg = Release|Any CPU
		{6A5BF10B-556D-4459-B14B-644DBD60EFFF}.Release|x86.Build.0 = Release|Any CPU
		{E72B2D68-1FD9-471F-98F9-58F4995F42D7}.Debug|Any CPU.ActiveCfg = Debug|Any CPU
		{E72B2D68-1FD9-471F-98F9-58F4995F42D7}.Debug|Any CPU.Build.0 = Debug|Any CPU
		{E72B2D68-1FD9-471F-98F9-58F4995F42D7}.Debug|x64.ActiveCfg = Debug|Any CPU
		{E72B2D68-1FD9-471F-98F9-58F4995F42D7}.Debug|x64.Build.0 = Debug|Any CPU
		{E72B2D68-1FD9-471F-98F9-58F4995F42D7}.Debug|x86.ActiveCfg = Debug|Any CPU
		{E72B2D68-1FD9-471F-98F9-58F4995F42D7}.Debug|x86.Build.0 = Debug|Any CPU
		{E72B2D68-1FD9-471F-98F9-58F4995F42D7}.Release|Any CPU.ActiveCfg = Release|Any CPU
		{E72B2D68-1FD9-471F-98F9-58F4995F42D7}.Release|Any CPU.Build.0 = Release|Any CPU
		{E72B2D68-1FD9-471F-98F9-58F4995F42D7}.Release|x64.ActiveCfg = Release|Any CPU
		{E72B2D68-1FD9-471F-98F9-58F4995F42D7}.Release|x64.Build.0 = Release|Any CPU
		{E72B2D68-1FD9-471F-98F9-58F4995F42D7}.Release|x86.ActiveCfg = Release|Any CPU
		{E72B2D68-1FD9-471F-98F9-58F4995F42D7}.Release|x86.Build.0 = Release|Any CPU
		{8F7E35B5-E58E-413A-9716-7D1B41767508}.Debug|Any CPU.ActiveCfg = Debug|Any CPU
		{8F7E35B5-E58E-413A-9716-7D1B41767508}.Debug|Any CPU.Build.0 = Debug|Any CPU
		{8F7E35B5-E58E-413A-9716-7D1B41767508}.Debug|x64.ActiveCfg = Debug|Any CPU
		{8F7E35B5-E58E-413A-9716-7D1B41767508}.Debug|x64.Build.0 = Debug|Any CPU
		{8F7E35B5-E58E-413A-9716-7D1B41767508}.Debug|x86.ActiveCfg = Debug|Any CPU
		{8F7E35B5-E58E-413A-9716-7D1B41767508}.Debug|x86.Build.0 = Debug|Any CPU
		{8F7E35B5-E58E-413A-9716-7D1B41767508}.Release|Any CPU.ActiveCfg = Release|Any CPU
		{8F7E35B5-E58E-413A-9716-7D1B41767508}.Release|Any CPU.Build.0 = Release|Any CPU
		{8F7E35B5-E58E-413A-9716-7D1B41767508}.Release|x64.ActiveCfg = Release|Any CPU
		{8F7E35B5-E58E-413A-9716-7D1B41767508}.Release|x64.Build.0 = Release|Any CPU
		{8F7E35B5-E58E-413A-9716-7D1B41767508}.Release|x86.ActiveCfg = Release|Any CPU
		{8F7E35B5-E58E-413A-9716-7D1B41767508}.Release|x86.Build.0 = Release|Any CPU
	EndGlobalSection
	GlobalSection(SolutionProperties) = preSolution
		HideSolutionNode = FALSE
	EndGlobalSection
	GlobalSection(NestedProjects) = preSolution
		{5B6D10BA-8C72-4686-9813-603240BEC2B8} = {827E0CD3-B72D-47B6-A68D-7590B98EB39B}
		{3D28C5E3-B275-4013-B048-938643499E87} = {827E0CD3-B72D-47B6-A68D-7590B98EB39B}
		{12BA7FE6-ED06-4B68-A567-DC91DAA2CA57} = {827E0CD3-B72D-47B6-A68D-7590B98EB39B}
		{6F19B7D5-75EA-4802-8605-AA6697CE0402} = {827E0CD3-B72D-47B6-A68D-7590B98EB39B}
		{D885D425-ADF3-495C-BFF1-EA3C550BC3D7} = {827E0CD3-B72D-47B6-A68D-7590B98EB39B}
		{348C2C44-72BC-4174-846D-9B96B17DD1F8} = {0AB3BF05-4346-4AA6-1389-037BE0695223}
		{6A5BF10B-556D-4459-B14B-644DBD60EFFF} = {0AB3BF05-4346-4AA6-1389-037BE0695223}
		{E72B2D68-1FD9-471F-98F9-58F4995F42D7} = {0AB3BF05-4346-4AA6-1389-037BE0695223}
		{8F7E35B5-E58E-413A-9716-7D1B41767508} = {DEE5DD87-39C1-BF34-B639-A387DCCF972B}
	EndGlobalSection
EndGlobal
